# Exact installed runtime distributions used for Windows/Python 3.11 acceptance.
annotated-doc==0.0.4
annotated-types==0.7.0
anyio==4.12.0
click==8.3.1
colorama==0.4.6; sys_platform == 'win32'
fastapi==0.128.8
h11==0.16.0
idna==3.11
phonenumbers==9.0.38
pydantic-core==2.41.5
pydantic==2.12.5
starlette==0.52.1
typing-extensions==4.15.0
typing-inspection==0.4.2
tzdata==2025.3
uvicorn==0.40.0
